PODS:
  - BoringSSL (1.0)
  - EchoSDK (0.0.1):
    - EchoSDK/Messages (= 0.0.1)
    - EchoSDK/Services (= 0.0.1)
  - EchoSDK/Messages (0.0.1):
    - Protobuf
  - EchoSDK/Services (0.0.1):
    - EchoSDK/Messages
    - gRPC
  - gRPC (0.12.0):
    - gRPC/C-Core (= 0.12.0)
    - gRPC/GRPCClient (= 0.12.0)
    - gRPC/ProtoRPC (= 0.12.0)
    - gRPC/RxLibrary (= 0.12.0)
  - gRPC/C-Core (0.12.0):
    - BoringSSL (~> 1.0)
  - gRPC/GRPCClient (0.12.0):
    - gRPC/C-Core
    - gRPC/RxLibrary
  - gRPC/ProtoRPC (0.12.0):
    - gRPC/GRPCClient
    - gRPC/RxLibrary
    - Protobuf (~> 3.0.0-alpha-4)
  - gRPC/RxLibrary (0.12.0)
  - Protobuf (3.0.0-alpha-4.1)

DEPENDENCIES:
  - EchoSDK (from `../proto`)
  - gRPC (from `https://github.com/grpc/grpc`)
  - Protobuf (~> 3.0.0-alpha-4.1)

EXTERNAL SOURCES:
  EchoSDK:
    :path: "../proto"
  gRPC:
    :git: https://github.com/grpc/grpc

CHECKOUT OPTIONS:
  gRPC:
    :commit: c54f88ee8d39e2681d2a014bf245ee6b66d4a21c
    :git: https://github.com/grpc/grpc

SPEC CHECKSUMS:
  BoringSSL: 2f8ab6b55f82b0ae2dabb9796add3a46e27db336
  EchoSDK: 5670e9d66c5309976ca268da6eca0c423fb48261
  gRPC: 3cf84f05f3bcae9adb0563d6a57723d2d38e0fcf
  Protobuf: a0f3b369ce888d47735a5ec1c40b1bc31cbad46b

COCOAPODS: 0.39.0
