// !$*UTF8*$!
{
	archiveVersion = 1;
	classes = {
	};
	objectVersion = 46;
	objects = {

/* Begin PBXBuildFile section */
		493CEE89F052CD0DE0167F53 /* Pods.framework in Frameworks */ = {isa = PBXBuildFile; fileRef = BD38FF3D0968BA303989DBF5 /* Pods.framework */; };
		AEE2EB1A1C17DEF3002E73C5 /* AppDelegate.swift in Sources */ = {isa = PBXBuildFile; fileRef = AEE2EB191C17DEF3002E73C5 /* AppDelegate.swift */; };
		AEE2EB1C1C17DEF3002E73C5 /* ViewController.swift in Sources */ = {isa = PBXBuildFile; fileRef = AEE2EB1B1C17DEF3002E73C5 /* ViewController.swift */; };
		AEE2EB1F1C17DEF3002E73C5 /* Main.storyboard in Resources */ = {isa = PBXBuildFile; fileRef = AEE2EB1D1C17DEF3002E73C5 /* Main.storyboard */; };
		AEE2EB211C17DEF3002E73C5 /* Assets.xcassets in Resources */ = {isa = PBXBuildFile; fileRef = AEE2EB201C17DEF3002E73C5 /* Assets.xcassets */; };
		AEE2EB241C17DEF3002E73C5 /* LaunchScreen.storyboard in Resources */ = {isa = PBXBuildFile; fileRef = AEE2EB221C17DEF3002E73C5 /* LaunchScreen.storyboard */; };
/* End PBXBuildFile section */

/* Begin PBXFileReference section */
		220F6F4B422EBC6BFC7F437C /* Pods.release.xcconfig */ = {isa = PBXFileReference; includeInIndex = 1; lastKnownFileType = text.xcconfig; name = Pods.release.xcconfig; path = "Pods/Target Support Files/Pods/Pods.release.xcconfig"; sourceTree = "<group>"; };
		685589B623F9DF0FF0F851AC /* Pods.debug.xcconfig */ = {isa = PBXFileReference; includeInIndex = 1; lastKnownFileType = text.xcconfig; name = Pods.debug.xcconfig; path = "Pods/Target Support Files/Pods/Pods.debug.xcconfig"; sourceTree = "<group>"; };
		AEE2EB161C17DEF3002E73C5 /* EchoClient.app */ = {isa = PBXFileReference; explicitFileType = wrapper.application; includeInIndex = 0; path = EchoClient.app; sourceTree = BUILT_PRODUCTS_DIR; };
		AEE2EB191C17DEF3002E73C5 /* AppDelegate.swift */ = {isa = PBXFileReference; lastKnownFileType = sourcecode.swift; path = AppDelegate.swift; sourceTree = "<group>"; };
		AEE2EB1B1C17DEF3002E73C5 /* ViewController.swift */ = {isa = PBXFileReference; lastKnownFileType = sourcecode.swift; path = ViewController.swift; sourceTree = "<group>"; };
		AEE2EB1E1C17DEF3002E73C5 /* Base */ = {isa = PBXFileReference; lastKnownFileType = file.storyboard; name = Base; path = Base.lproj/Main.storyboard; sourceTree = "<group>"; };
		AEE2EB201C17DEF3002E73C5 /* Assets.xcassets */ = {isa = PBXFileReference; lastKnownFileType = folder.assetcatalog; path = Assets.xcassets; sourceTree = "<group>"; };
		AEE2EB231C17DEF3002E73C5 /* Base */ = {isa = PBXFileReference; lastKnownFileType = file.storyboard; name = Base; path = Base.lproj/LaunchScreen.storyboard; sourceTree = "<group>"; };
		AEE2EB251C17DEF3002E73C5 /* Info.plist */ = {isa = PBXFileReference; lastKnownFileType = text.plist.xml; path = Info.plist; sourceTree = "<group>"; };
		BD38FF3D0968BA303989DBF5 /* Pods.framework */ = {isa = PBXFileReference; explicitFileType = wrapper.framework; includeInIndex = 0; path = Pods.framework; sourceTree = BUILT_PRODUCTS_DIR; };
/* End PBXFileReference section */

/* Begin PBXFrameworksBuildPhase section */
		AEE2EB131C17DEF3002E73C5 /* Frameworks */ = {
			isa = PBXFrameworksBuildPhase;
			buildActionMask = 2147483647;
			files = (
				493CEE89F052CD0DE0167F53 /* Pods.framework in Frameworks */,
			);
			runOnlyForDeploymentPostprocessing = 0;
		};
/* End PBXFrameworksBuildPhase section */

/* Begin PBXGroup section */
		04C96E5D411BEF1F94CFBF2A /* Pods */ = {
			isa = PBXGroup;
			children = (
				685589B623F9DF0FF0F851AC /* Pods.debug.xcconfig */,
				220F6F4B422EBC6BFC7F437C /* Pods.release.xcconfig */,
			);
			name = Pods;
			sourceTree = "<group>";
		};
		AEE2EB0D1C17DEF3002E73C5 = {
			isa = PBXGroup;
			children = (
				AEE2EB181C17DEF3002E73C5 /* EchoClient */,
				AEE2EB171C17DEF3002E73C5 /* Products */,
				04C96E5D411BEF1F94CFBF2A /* Pods */,
				E8FD73AD0C95DB3623C33E20 /* Frameworks */,
			);
			sourceTree = "<group>";
		};
		AEE2EB171C17DEF3002E73C5 /* Products */ = {
			isa = PBXGroup;
			children = (
				AEE2EB161C17DEF3002E73C5 /* EchoClient.app */,
			);
			name = Products;
			sourceTree = "<group>";
		};
		AEE2EB181C17DEF3002E73C5 /* EchoClient */ = {
			isa = PBXGroup;
			children = (
				AEE2EB191C17DEF3002E73C5 /* AppDelegate.swift */,
				AEE2EB1B1C17DEF3002E73C5 /* ViewController.swift */,
				AEE2EB1D1C17DEF3002E73C5 /* Main.storyboard */,
				AEE2EB201C17DEF3002E73C5 /* Assets.xcassets */,
				AEE2EB221C17DEF3002E73C5 /* LaunchScreen.storyboard */,
				AEE2EB251C17DEF3002E73C5 /* Info.plist */,
			);
			path = EchoClient;
			sourceTree = "<group>";
		};
		E8FD73AD0C95DB3623C33E20 /* Frameworks */ = {
			isa = PBXGroup;
			children = (
				BD38FF3D0968BA303989DBF5 /* Pods.framework */,
			);
			name = Frameworks;
			sourceTree = "<group>";
		};
/* End PBXGroup section */

/* Begin PBXNativeTarget section */
		AEE2EB151C17DEF3002E73C5 /* EchoClient */ = {
			isa = PBXNativeTarget;
			buildConfigurationList = AEE2EB281C17DEF3002E73C5 /* Build configuration list for PBXNativeTarget "EchoClient" */;
			buildPhases = (
				0D66D5E3FC355071D008E4EE /* Check Pods Manifest.lock */,
				AEE2EB121C17DEF3002E73C5 /* Sources */,
				AEE2EB131C17DEF3002E73C5 /* Frameworks */,
				AEE2EB141C17DEF3002E73C5 /* Resources */,
				365A360451955EB61AA797B6 /* Embed Pods Frameworks */,
				294B8DDB9F628DC6EB9B149C /* Copy Pods Resources */,
			);
			buildRules = (
			);
			dependencies = (
			);
			name = EchoClient;
			productName = EchoClient;
			productReference = AEE2EB161C17DEF3002E73C5 /* EchoClient.app */;
			productType = "com.apple.product-type.application";
		};
/* End PBXNativeTarget section */

/* Begin PBXProject section */
		AEE2EB0E1C17DEF3002E73C5 /* Project object */ = {
			isa = PBXProject;
			attributes = {
				LastSwiftUpdateCheck = 0710;
				LastUpgradeCheck = 0710;
				ORGANIZATIONNAME = "Gurpartap Singh";
				TargetAttributes = {
					AEE2EB151C17DEF3002E73C5 = {
						CreatedOnToolsVersion = 7.1.1;
					};
				};
			};
			buildConfigurationList = AEE2EB111C17DEF3002E73C5 /* Build configuration list for PBXProject "EchoClient" */;
			compatibilityVersion = "Xcode 3.2";
			developmentRegion = English;
			hasScannedForEncodings = 0;
			knownRegions = (
				en,
				Base,
			);
			mainGroup = AEE2EB0D1C17DEF3002E73C5;
			productRefGroup = AEE2EB171C17DEF3002E73C5 /* Products */;
			projectDirPath = "";
			projectRoot = "";
			targets = (
				AEE2EB151C17DEF3002E73C5 /* EchoClient */,
			);
		};
/* End PBXProject section */

/* Begin PBXResourcesBuildPhase section */
		AEE2EB141C17DEF3002E73C5 /* Resources */ = {
			isa = PBXResourcesBuildPhase;
			buildActionMask = 2147483647;
			files = (
				AEE2EB241C17DEF3002E73C5 /* LaunchScreen.storyboard in Resources */,
				AEE2EB211C17DEF3002E73C5 /* Assets.xcassets in Resources */,
				AEE2EB1F1C17DEF3002E73C5 /* Main.storyboard in Resources */,
			);
			runOnlyForDeploymentPostprocessing = 0;
		};
/* End PBXResourcesBuildPhase section */

/* Begin PBXShellScriptBuildPhase section */
		0D66D5E3FC355071D008E4EE /* Check Pods Manifest.lock */ = {
			isa = PBXShellScriptBuildPhase;
			buildActionMask = 2147483647;
			files = (
			);
			inputPaths = (
			);
			name = "Check Pods Manifest.lock";
			outputPaths = (
			);
			runOnlyForDeploymentPostprocessing = 0;
			shellPath = /bin/sh;
			shellScript = "diff \"${PODS_ROOT}/../Podfile.lock\" \"${PODS_ROOT}/Manifest.lock\" > /dev/null\nif [[ $? != 0 ]] ; then\n    cat << EOM\nerror: The sandbox is not in sync with the Podfile.lock. Run 'pod install' or update your CocoaPods installation.\nEOM\n    exit 1\nfi\n";
			showEnvVarsInLog = 0;
		};
		294B8DDB9F628DC6EB9B149C /* Copy Pods Resources */ = {
			isa = PBXShellScriptBuildPhase;
			buildActionMask = 2147483647;
			files = (
			);
			inputPaths = (
			);
			name = "Copy Pods Resources";
			outputPaths = (
			);
			runOnlyForDeploymentPostprocessing = 0;
			shellPath = /bin/sh;
			shellScript = "\"${SRCROOT}/Pods/Target Support Files/Pods/Pods-resources.sh\"\n";
			showEnvVarsInLog = 0;
		};
		365A360451955EB61AA797B6 /* Embed Pods Frameworks */ = {
			isa = PBXShellScriptBuildPhase;
			buildActionMask = 2147483647;
			files = (
			);
			inputPaths = (
			);
			name = "Embed Pods Frameworks";
			outputPaths = (
			);
			runOnlyForDeploymentPostprocessing = 0;
			shellPath = /bin/sh;
			shellScript = "\"${SRCROOT}/Pods/Target Support Files/Pods/Pods-frameworks.sh\"\n";
			showEnvVarsInLog = 0;
		};
/* End PBXShellScriptBuildPhase section */

/* Begin PBXSourcesBuildPhase section */
		AEE2EB121C17DEF3002E73C5 /* Sources */ = {
			isa = PBXSourcesBuildPhase;
			buildActionMask = 2147483647;
			files = (
				AEE2EB1C1C17DEF3002E73C5 /* ViewController.swift in Sources */,
				AEE2EB1A1C17DEF3002E73C5 /* AppDelegate.swift in Sources */,
			);
			runOnlyForDeploymentPostprocessing = 0;
		};
/* End PBXSourcesBuildPhase section */

/* Begin PBXVariantGroup section */
		AEE2EB1D1C17DEF3002E73C5 /* Main.storyboard */ = {
			isa = PBXVariantGroup;
			children = (
				AEE2EB1E1C17DEF3002E73C5 /* Base */,
			);
			name = Main.storyboard;
			sourceTree = "<group>";
		};
		AEE2EB221C17DEF3002E73C5 /* LaunchScreen.storyboard */ = {
			isa = PBXVariantGroup;
			children = (
				AEE2EB231C17DEF3002E73C5 /* Base */,
			);
			name = LaunchScreen.storyboard;
			sourceTree = "<group>";
		};
/* End PBXVariantGroup section */

/* Begin XCBuildConfiguration section */
		AEE2EB261C17DEF3002E73C5 /* Debug */ = {
			isa = XCBuildConfiguration;
			buildSettings = {
				ALWAYS_SEARCH_USER_PATHS = NO;
				CLANG_CXX_LANGUAGE_STANDARD = "gnu++0x";
				CLANG_CXX_LIBRARY = "libc++";
				CLANG_ENABLE_MODULES = YES;
				CLANG_ENABLE_OBJC_ARC = YES;
				CLANG_WARN_BOOL_CONVERSION = YES;
				CLANG_WARN_CONSTANT_CONVERSION = YES;
				CLANG_WARN_DIRECT_OBJC_ISA_USAGE = YES_ERROR;
				CLANG_WARN_EMPTY_BODY = YES;
				CLANG_WARN_ENUM_CONVERSION = YES;
				CLANG_WARN_INT_CONVERSION = YES;
				CLANG_WARN_OBJC_ROOT_CLASS = YES_ERROR;
				CLANG_WARN_UNREACHABLE_CODE = YES;
				CLANG_WARN__DUPLICATE_METHOD_MATCH = YES;
				"CODE_SIGN_IDENTITY[sdk=iphoneos*]" = "iPhone Developer";
				COPY_PHASE_STRIP = NO;
				DEBUG_INFORMATION_FORMAT = dwarf;
				ENABLE_STRICT_OBJC_MSGSEND = YES;
				ENABLE_TESTABILITY = YES;
				GCC_C_LANGUAGE_STANDARD = gnu99;
				GCC_DYNAMIC_NO_PIC = NO;
				GCC_NO_COMMON_BLOCKS = YES;
				GCC_OPTIMIZATION_LEVEL = 0;
				GCC_PREPROCESSOR_DEFINITIONS = (
					"DEBUG=1",
					"$(inherited)",
				);
				GCC_WARN_64_TO_32_BIT_CONVERSION = YES;
				GCC_WARN_ABOUT_RETURN_TYPE = YES_ERROR;
				GCC_WARN_UNDECLARED_SELECTOR = YES;
				GCC_WARN_UNINITIALIZED_AUTOS = YES_AGGRESSIVE;
				GCC_WARN_UNUSED_FUNCTION = YES;
				GCC_WARN_UNUSED_VARIABLE = YES;
				IPHONEOS_DEPLOYMENT_TARGET = 9.1;
				MTL_ENABLE_DEBUG_INFO = YES;
				ONLY_ACTIVE_ARCH = YES;
				SDKROOT = iphoneos;
				SWIFT_OPTIMIZATION_LEVEL = "-Onone";
			};
			name = Debug;
		};
		AEE2EB271C17DEF3002E73C5 /* Release */ = {
			isa = XCBuildConfiguration;
			buildSettings = {
				ALWAYS_SEARCH_USER_PATHS = NO;
				CLANG_CXX_LANGUAGE_STANDARD = "gnu++0x";
				CLANG_CXX_LIBRARY = "libc++";
				CLANG_ENABLE_MODULES = YES;
				CLANG_ENABLE_OBJC_ARC = YES;
				CLANG_WARN_BOOL_CONVERSION = YES;
				CLANG_WARN_CONSTANT_CONVERSION = YES;
				CLANG_WARN_DIRECT_OBJC_ISA_USAGE = YES_ERROR;
				CLANG_WARN_EMPTY_BODY = YES;
				CLANG_WARN_ENUM_CONVERSION = YES;
				CLANG_WARN_INT_CONVERSION = YES;
				CLANG_WARN_OBJC_ROOT_CLASS = YES_ERROR;
				CLANG_WARN_UNREACHABLE_CODE = YES;
				CLANG_WARN__DUPLICATE_METHOD_MATCH = YES;
				"CODE_SIGN_IDENTITY[sdk=iphoneos*]" = "iPhone Developer";
				COPY_PHASE_STRIP = NO;
				DEBUG_INFORMATION_FORMAT = "dwarf-with-dsym";
				ENABLE_NS_ASSERTIONS = NO;
				ENABLE_STRICT_OBJC_MSGSEND = YES;
				GCC_C_LANGUAGE_STANDARD = gnu99;
				GCC_NO_COMMON_BLOCKS = YES;
				GCC_WARN_64_TO_32_BIT_CONVERSION = YES;
				GCC_WARN_ABOUT_RETURN_TYPE = YES_ERROR;
				GCC_WARN_UNDECLARED_SELECTOR = YES;
				GCC_WARN_UNINITIALIZED_AUTOS = YES_AGGRESSIVE;
				GCC_WARN_UNUSED_FUNCTION = YES;
				GCC_WARN_UNUSED_VARIABLE = YES;
				IPHONEOS_DEPLOYMENT_TARGET = 9.1;
				MTL_ENABLE_DEBUG_INFO = NO;
				SDKROOT = iphoneos;
				VALIDATE_PRODUCT = YES;
			};
			name = Release;
		};
		AEE2EB291C17DEF3002E73C5 /* Debug */ = {
			isa = XCBuildConfiguration;
			baseConfigurationReference = 685589B623F9DF0FF0F851AC /* Pods.debug.xcconfig */;
			buildSettings = {
				ASSETCATALOG_COMPILER_APPICON_NAME = AppIcon;
				INFOPLIST_FILE = EchoClient/Info.plist;
				LD_RUNPATH_SEARCH_PATHS = "$(inherited) @executable_path/Frameworks";
				PRODUCT_BUNDLE_IDENTIFIER = com.gurpartap.EchoClient;
				PRODUCT_NAME = "$(TARGET_NAME)";
			};
			name = Debug;
		};
		AEE2EB2A1C17DEF3002E73C5 /* Release */ = {
			isa = XCBuildConfiguration;
			baseConfigurationReference = 220F6F4B422EBC6BFC7F437C /* Pods.release.xcconfig */;
			buildSettings = {
				ASSETCATALOG_COMPILER_APPICON_NAME = AppIcon;
				INFOPLIST_FILE = EchoClient/Info.plist;
				LD_RUNPATH_SEARCH_PATHS = "$(inherited) @executable_path/Frameworks";
				PRODUCT_BUNDLE_IDENTIFIER = com.gurpartap.EchoClient;
				PRODUCT_NAME = "$(TARGET_NAME)";
			};
			name = Release;
		};
/* End XCBuildConfiguration section */

/* Begin XCConfigurationList section */
		AEE2EB111C17DEF3002E73C5 /* Build configuration list for PBXProject "EchoClient" */ = {
			isa = XCConfigurationList;
			buildConfigurations = (
				AEE2EB261C17DEF3002E73C5 /* Debug */,
				AEE2EB271C17DEF3002E73C5 /* Release */,
			);
			defaultConfigurationIsVisible = 0;
			defaultConfigurationName = Release;
		};
		AEE2EB281C17DEF3002E73C5 /* Build configuration list for PBXNativeTarget "EchoClient" */ = {
			isa = XCConfigurationList;
			buildConfigurations = (
				AEE2EB291C17DEF3002E73C5 /* Debug */,
				AEE2EB2A1C17DEF3002E73C5 /* Release */,
			);
			defaultConfigurationIsVisible = 0;
			defaultConfigurationName = Release;
		};
/* End XCConfigurationList section */
	};
	rootObject = AEE2EB0E1C17DEF3002E73C5 /* Project object */;
}
